// !$*UTF8*$!
{
	archiveVersion = 1;
	classes = {
	};
	objectVersion = 55;
	objects = {

/* Begin PBXBuildFile section */
		4ED5625A290EB5D3003AD4E3 /* CaloriesApp.swift in Sources */ = {isa = PBXBuildFile; fileRef = 4ED56259290EB5D3003AD4E3 /* CaloriesApp.swift */; };
		4ED5625C290EB5D3003AD4E3 /* ContentView.swift in Sources */ = {isa = PBXBuildFile; fileRef = 4ED5625B290EB5D3003AD4E3 /* ContentView.swift */; };
		4ED5625E290EB5D5003AD4E3 /* Assets.xcassets in Resources */ = {isa = PBXBuildFile; fileRef = 4ED5625D290EB5D5003AD4E3 /* Assets.xcassets */; };
		4ED56261290EB5D5003AD4E3 /* Preview Assets.xcassets in Resources */ = {isa = PBXBuildFile; fileRef = 4ED56260290EB5D5003AD4E3 /* Preview Assets.xcassets */; };
		4ED5626A290EB661003AD4E3 /* FoodModel.xcdatamodeld in Sources */ = {isa = PBXBuildFile; fileRef = 4ED56268290EB661003AD4E3 /* FoodModel.xcdatamodeld */; };
		4ED5626C290EB731003AD4E3 /* DataController.swift in Sources */ = {isa = PBXBuildFile; fileRef = 4ED5626B290EB731003AD4E3 /* DataController.swift */; };
		4ED56270290EBAA2003AD4E3 /* AddFoodView.swift in Sources */ = {isa = PBXBuildFile; fileRef = 4ED5626F290EBAA2003AD4E3 /* AddFoodView.swift */; };
		4ED56272290EBC4F003AD4E3 /* TimeFormatting.swift in Sources */ = {isa = PBXBuildFile; fileRef = 4ED56271290EBC4F003AD4E3 /* TimeFormatting.swift */; };
		4ED56274290ED995003AD4E3 /* EditFoodView.swift in Sources */ = {isa = PBXBuildFile; fileRef = 4ED56273290ED995003AD4E3 /* EditFoodView.swift */; };
/* End PBXBuildFile section */

/* Begin PBXFileReference section */
		4ED56256290EB5D3003AD4E3 /* Calories.app */ = {isa = PBXFileReference; explicitFileType = wrapper.application; includeInIndex = 0; path = Calories.app; sourceTree = BUILT_PRODUCTS_DIR; };
		4ED56259290EB5D3003AD4E3 /* CaloriesApp.swift */ = {isa = PBXFileReference; lastKnownFileType = sourcecode.swift; path = CaloriesApp.swift; sourceTree = "<group>"; };
		4ED5625B290EB5D3003AD4E3 /* ContentView.swift */ = {isa = PBXFileReference; lastKnownFileType = sourcecode.swift; path = ContentView.swift; sourceTree = "<group>"; };
		4ED5625D290EB5D5003AD4E3 /* Assets.xcassets */ = {isa = PBXFileReference; lastKnownFileType = folder.assetcatalog; path = Assets.xcassets; sourceTree = "<group>"; };
		4ED56260290EB5D5003AD4E3 /* Preview Assets.xcassets */ = {isa = PBXFileReference; lastKnownFileType = folder.assetcatalog; path = "Preview Assets.xcassets"; sourceTree = "<group>"; };
		4ED56269290EB661003AD4E3 /* FoodModel.xcdatamodel */ = {isa = PBXFileReference; lastKnownFileType = wrapper.xcdatamodel; path = FoodModel.xcdatamodel; sourceTree = "<group>"; };
		4ED5626B290EB731003AD4E3 /* DataController.swift */ = {isa = PBXFileReference; lastKnownFileType = sourcecode.swift; path = DataController.swift; sourceTree = "<group>"; };
		4ED5626F290EBAA2003AD4E3 /* AddFoodView.swift */ = {isa = PBXFileReference; lastKnownFileType = sourcecode.swift; path = AddFoodView.swift; sourceTree = "<group>"; };
		4ED56271290EBC4F003AD4E3 /* TimeFormatting.swift */ = {isa = PBXFileReference; lastKnownFileType = sourcecode.swift; path = TimeFormatting.swift; sourceTree = "<group>"; };
		4ED56273290ED995003AD4E3 /* EditFoodView.swift */ = {isa = PBXFileReference; lastKnownFileType = sourcecode.swift; path = EditFoodView.swift; sourceTree = "<group>"; };
/* End PBXFileReference section */

/* Begin PBXFrameworksBuildPhase section */
		4ED56253290EB5D3003AD4E3 /* Frameworks */ = {
			isa = PBXFrameworksBuildPhase;
			buildActionMask = 2147483647;
			files = (
			);
			runOnlyForDeploymentPostprocessing = 0;
		};
/* End PBXFrameworksBuildPhase section */

/* Begin PBXGroup section */
		4ED5624D290EB5D3003AD4E3 = {
			isa = PBXGroup;
			children = (
				4ED56258290EB5D3003AD4E3 /* Calories */,
				4ED56257290EB5D3003AD4E3 /* Products */,
			);
			sourceTree = "<group>";
		};
		4ED56257290EB5D3003AD4E3 /* Products */ = {
			isa = PBXGroup;
			children = (
				4ED56256290EB5D3003AD4E3 /* Calories.app */,
			);
			name = Products;
			sourceTree = "<group>";
		};
		4ED56258290EB5D3003AD4E3 /* Calories */ = {
			isa = PBXGroup;
			children = (
				4ED56259290EB5D3003AD4E3 /* CaloriesApp.swift */,
				4ED5626E290EBA60003AD4E3 /* Helpers */,
				4ED5626D290EBA52003AD4E3 /* Views */,
				4ED56267290EB5F5003AD4E3 /* DataModel */,
				4ED5625D290EB5D5003AD4E3 /* Assets.xcassets */,
				4ED5625F290EB5D5003AD4E3 /* Preview Content */,
			);
			path = Calories;
			sourceTree = "<group>";
		};
		4ED5625F290EB5D5003AD4E3 /* Preview Content */ = {
			isa = PBXGroup;
			children = (
				4ED56260290EB5D5003AD4E3 /* Preview Assets.xcassets */,
			);
			path = "Preview Content";
			sourceTree = "<group>";
		};
		4ED56267290EB5F5003AD4E3 /* DataModel */ = {
			isa = PBXGroup;
			children = (
				4ED56268290EB661003AD4E3 /* FoodModel.xcdatamodeld */,
				4ED5626B290EB731003AD4E3 /* DataController.swift */,
			);
			path = DataModel;
			sourceTree = "<group>";
		};
		4ED5626D290EBA52003AD4E3 /* Views */ = {
			isa = PBXGroup;
			children = (
				4ED5625B290EB5D3003AD4E3 /* ContentView.swift */,
				4ED5626F290EBAA2003AD4E3 /* AddFoodView.swift */,
				4ED56273290ED995003AD4E3 /* EditFoodView.swift */,
			);
			path = Views;
			sourceTree = "<group>";
		};
		4ED5626E290EBA60003AD4E3 /* Helpers */ = {
			isa = PBXGroup;
			children = (
				4ED56271290EBC4F003AD4E3 /* TimeFormatting.swift */,
			);
			path = Helpers;
			sourceTree = "<group>";
		};
/* End PBXGroup section */

/* Begin PBXNativeTarget section */
		4ED56255290EB5D3003AD4E3 /* Calories */ = {
			isa = PBXNativeTarget;
			buildConfigurationList = 4ED56264290EB5D5003AD4E3 /* Build configuration list for PBXNativeTarget "Calories" */;
			buildPhases = (
				4ED56252290EB5D3003AD4E3 /* Sources */,
				4ED56253290EB5D3003AD4E3 /* Frameworks */,
				4ED56254290EB5D3003AD4E3 /* Resources */,
			);
			buildRules = (
			);
			dependencies = (
			);
			name = Calories;
			productName = Calories;
			productReference = 4ED56256290EB5D3003AD4E3 /* Calories.app */;
			productType = "com.apple.product-type.application";
		};
/* End PBXNativeTarget section */

/* Begin PBXProject section */
		4ED5624E290EB5D3003AD4E3 /* Project object */ = {
			isa = PBXProject;
			attributes = {
				BuildIndependentTargetsInParallel = 1;
				LastSwiftUpdateCheck = 1320;
				LastUpgradeCheck = 1320;
				TargetAttributes = {
					4ED56255290EB5D3003AD4E3 = {
						CreatedOnToolsVersion = 13.2.1;
					};
				};
			};
			buildConfigurationList = 4ED56251290EB5D3003AD4E3 /* Build configuration list for PBXProject "Calories" */;
			compatibilityVersion = "Xcode 13.0";
			developmentRegion = en;
			hasScannedForEncodings = 0;
			knownRegions = (
				en,
				Base,
			);
			mainGroup = 4ED5624D290EB5D3003AD4E3;
			productRefGroup = 4ED56257290EB5D3003AD4E3 /* Products */;
			projectDirPath = "";
			projectRoot = "";
			targets = (
				4ED56255290EB5D3003AD4E3 /* Calories */,
			);
		};
/* End PBXProject section */

/* Begin PBXResourcesBuildPhase section */
		4ED56254290EB5D3003AD4E3 /* Resources */ = {
			isa = PBXResourcesBuildPhase;
			buildActionMask = 2147483647;
			files = (
				4ED56261290EB5D5003AD4E3 /* Preview Assets.xcassets in Resources */,
				4ED5625E290EB5D5003AD4E3 /* Assets.xcassets in Resources */,
			);
			runOnlyForDeploymentPostprocessing = 0;
		};
/* End PBXResourcesBuildPhase section */

/* Begin PBXSourcesBuildPhase section */
		4ED56252290EB5D3003AD4E3 /* Sources */ = {
			isa = PBXSourcesBuildPhase;
			buildActionMask = 2147483647;
			files = (
				4ED56270290EBAA2003AD4E3 /* AddFoodView.swift in Sources */,
				4ED5625C290EB5D3003AD4E3 /* ContentView.swift in Sources */,
				4ED5626C290EB731003AD4E3 /* DataController.swift in Sources */,
				4ED5625A290EB5D3003AD4E3 /* CaloriesApp.swift in Sources */,
				4ED5626A290EB661003AD4E3 /* FoodModel.xcdatamodeld in Sources */,
				4ED56274290ED995003AD4E3 /* EditFoodView.swift in Sources */,
				4ED56272290EBC4F003AD4E3 /* TimeFormatting.swift in Sources */,
			);
			runOnlyForDeploymentPostprocessing = 0;
		};
/* End PBXSourcesBuildPhase section */

/* Begin XCBuildConfiguration section */
		4ED56262290EB5D5003AD4E3 /* Debug */ = {
			isa = XCBuildConfiguration;
			buildSettings = {
				ALWAYS_SEARCH_USER_PATHS = NO;
				CLANG_ANALYZER_NONNULL = YES;
				CLANG_ANALYZER_NUMBER_OBJECT_CONVERSION = YES_AGGRESSIVE;
				CLANG_CXX_LANGUAGE_STANDARD = "gnu++17";
				CLANG_CXX_LIBRARY = "libc++";
				CLANG_ENABLE_MODULES = YES;
				CLANG_ENABLE_OBJC_ARC = YES;
				CLANG_ENABLE_OBJC_WEAK = YES;
				CLANG_WARN_BLOCK_CAPTURE_AUTORELEASING = YES;
				CLANG_WARN_BOOL_CONVERSION = YES;
				CLANG_WARN_COMMA = YES;
				CLANG_WARN_CONSTANT_CONVERSION = YES;
				CLANG_WARN_DEPRECATED_OBJC_IMPLEMENTATIONS = YES;
				CLANG_WARN_DIRECT_OBJC_ISA_USAGE = YES_ERROR;
				CLANG_WARN_DOCUMENTATION_COMMENTS = YES;
				CLANG_WARN_EMPTY_BODY = YES;
				CLANG_WARN_ENUM_CONVERSION = YES;
				CLANG_WARN_INFINITE_RECURSION = YES;
				CLANG_WARN_INT_CONVERSION = YES;
				CLANG_WARN_NON_LITERAL_NULL_CONVERSION = YES;
				CLANG_WARN_OBJC_IMPLICIT_RETAIN_SELF = YES;
				CLANG_WARN_OBJC_LITERAL_CONVERSION = YES;
				CLANG_WARN_OBJC_ROOT_CLASS = YES_ERROR;
				CLANG_WARN_QUOTED_INCLUDE_IN_FRAMEWORK_HEADER = YES;
				CLANG_WARN_RANGE_LOOP_ANALYSIS = YES;
				CLANG_WARN_STRICT_PROTOTYPES = YES;
				CLANG_WARN_SUSPICIOUS_MOVE = YES;
				CLANG_WARN_UNGUARDED_AVAILABILITY = YES_AGGRESSIVE;
				CLANG_WARN_UNREACHABLE_CODE = YES;
				CLANG_WARN__DUPLICATE_METHOD_MATCH = YES;
				COPY_PHASE_STRIP = NO;
				DEBUG_INFORMATION_FORMAT = dwarf;
				ENABLE_STRICT_OBJC_MSGSEND = YES;
				ENABLE_TESTABILITY = YES;
				GCC_C_LANGUAGE_STANDARD = gnu11;
				GCC_DYNAMIC_NO_PIC = NO;
				GCC_NO_COMMON_BLOCKS = YES;
				GCC_OPTIMIZATION_LEVEL = 0;
				GCC_PREPROCESSOR_DEFINITIONS = (
					"DEBUG=1",
					"$(inherited)",
				);
				GCC_WARN_64_TO_32_BIT_CONVERSION = YES;
				GCC_WARN_ABOUT_RETURN_TYPE = YES_ERROR;
				GCC_WARN_UNDECLARED_SELECTOR = YES;
				GCC_WARN_UNINITIALIZED_AUTOS = YES_AGGRESSIVE;
				GCC_WARN_UNUSED_FUNCTION = YES;
				GCC_WARN_UNUSED_VARIABLE = YES;
				IPHONEOS_DEPLOYMENT_TARGET = 15.2;
				MTL_ENABLE_DEBUG_INFO = INCLUDE_SOURCE;
				MTL_FAST_MATH = YES;
				ONLY_ACTIVE_ARCH = YES;
				SDKROOT = iphoneos;
				SWIFT_ACTIVE_COMPILATION_CONDITIONS = DEBUG;
				SWIFT_OPTIMIZATION_LEVEL = "-Onone";
			};
			name = Debug;
		};
		4ED56263290EB5D5003AD4E3 /* Release */ = {
			isa = XCBuildConfiguration;
			buildSettings = {
				ALWAYS_SEARCH_USER_PATHS = NO;
				CLANG_ANALYZER_NONNULL = YES;
				CLANG_ANALYZER_NUMBER_OBJECT_CONVERSION = YES_AGGRESSIVE;
				CLANG_CXX_LANGUAGE_STANDARD = "gnu++17";
				CLANG_CXX_LIBRARY = "libc++";
				CLANG_ENABLE_MODULES = YES;
				CLANG_ENABLE_OBJC_ARC = YES;
				CLANG_ENABLE_OBJC_WEAK = YES;
				CLANG_WARN_BLOCK_CAPTURE_AUTORELEASING = YES;
				CLANG_WARN_BOOL_CONVERSION = YES;
				CLANG_WARN_COMMA = YES;
				CLANG_WARN_CONSTANT_CONVERSION = YES;
				CLANG_WARN_DEPRECATED_OBJC_IMPLEMENTATIONS = YES;
				CLANG_WARN_DIRECT_OBJC_ISA_USAGE = YES_ERROR;
				CLANG_WARN_DOCUMENTATION_COMMENTS = YES;
				CLANG_WARN_EMPTY_BODY = YES;
				CLANG_WARN_ENUM_CONVERSION = YES;
				CLANG_WARN_INFINITE_RECURSION = YES;
				CLANG_WARN_INT_CONVERSION = YES;
				CLANG_WARN_NON_LITERAL_NULL_CONVERSION = YES;
				CLANG_WARN_OBJC_IMPLICIT_RETAIN_SELF = YES;
				CLANG_WARN_OBJC_LITERAL_CONVERSION = YES;
				CLANG_WARN_OBJC_ROOT_CLASS = YES_ERROR;
				CLANG_WARN_QUOTED_INCLUDE_IN_FRAMEWORK_HEADER = YES;
				CLANG_WARN_RANGE_LOOP_ANALYSIS = YES;
				CLANG_WARN_STRICT_PROTOTYPES = YES;
				CLANG_WARN_SUSPICIOUS_MOVE = YES;
				CLANG_WARN_UNGUARDED_AVAILABILITY = YES_AGGRESSIVE;
				CLANG_WARN_UNREACHABLE_CODE = YES;
				CLANG_WARN__DUPLICATE_METHOD_MATCH = YES;
				COPY_PHASE_STRIP = NO;
				DEBUG_INFORMATION_FORMAT = "dwarf-with-dsym";
				ENABLE_NS_ASSERTIONS = NO;
				ENABLE_STRICT_OBJC_MSGSEND = YES;
				GCC_C_LANGUAGE_STANDARD = gnu11;
				GCC_NO_COMMON_BLOCKS = YES;
				GCC_WARN_64_TO_32_BIT_CONVERSION = YES;
				GCC_WARN_ABOUT_RETURN_TYPE = YES_ERROR;
				GCC_WARN_UNDECLARED_SELECTOR = YES;
				GCC_WARN_UNINITIALIZED_AUTOS = YES_AGGRESSIVE;
				GCC_WARN_UNUSED_FUNCTION = YES;
				GCC_WARN_UNUSED_VARIABLE = YES;
				IPHONEOS_DEPLOYMENT_TARGET = 15.2;
				MTL_ENABLE_DEBUG_INFO = NO;
				MTL_FAST_MATH = YES;
				SDKROOT = iphoneos;
				SWIFT_COMPILATION_MODE = wholemodule;
				SWIFT_OPTIMIZATION_LEVEL = "-O";
				VALIDATE_PRODUCT = YES;
			};
			name = Release;
		};
		4ED56265290EB5D5003AD4E3 /* Debug */ = {
			isa = XCBuildConfiguration;
			buildSettings = {
				ASSETCATALOG_COMPILER_APPICON_NAME = AppIcon;
				ASSETCATALOG_COMPILER_GLOBAL_ACCENT_COLOR_NAME = AccentColor;
				CODE_SIGN_STYLE = Automatic;
				CURRENT_PROJECT_VERSION = 1;
				DEVELOPMENT_ASSET_PATHS = "\"Calories/Preview Content\"";
				DEVELOPMENT_TEAM = SK3TSF263N;
				ENABLE_PREVIEWS = YES;
				GENERATE_INFOPLIST_FILE = YES;
				INFOPLIST_KEY_UIApplicationSceneManifest_Generation = YES;
				INFOPLIST_KEY_UIApplicationSupportsIndirectInputEvents = YES;
				INFOPLIST_KEY_UILaunchScreen_Generation = YES;
				INFOPLIST_KEY_UISupportedInterfaceOrientations_iPad = "UIInterfaceOrientationPortrait UIInterfaceOrientationPortraitUpsideDown UIInterfaceOrientationLandscapeLeft UIInterfaceOrientationLandscapeRight";
				INFOPLIST_KEY_UISupportedInterfaceOrientations_iPhone = "UIInterfaceOrientationPortrait UIInterfaceOrientationLandscapeLeft UIInterfaceOrientationLandscapeRight";
				LD_RUNPATH_SEARCH_PATHS = (
					"$(inherited)",
					"@executable_path/Frameworks",
				);
				MARKETING_VERSION = 1.0;
				PRODUCT_BUNDLE_IDENTIFIER = com.parksangil.Calories;
				PRODUCT_NAME = "$(TARGET_NAME)";
				SWIFT_EMIT_LOC_STRINGS = YES;
				SWIFT_VERSION = 5.0;
				TARGETED_DEVICE_FAMILY = "1,2";
			};
			name = Debug;
		};
		4ED56266290EB5D5003AD4E3 /* Release */ = {
			isa = XCBuildConfiguration;
			buildSettings = {
				ASSETCATALOG_COMPILER_APPICON_NAME = AppIcon;
				ASSETCATALOG_COMPILER_GLOBAL_ACCENT_COLOR_NAME = AccentColor;
				CODE_SIGN_STYLE = Automatic;
				CURRENT_PROJECT_VERSION = 1;
				DEVELOPMENT_ASSET_PATHS = "\"Calories/Preview Content\"";
				DEVELOPMENT_TEAM = SK3TSF263N;
				ENABLE_PREVIEWS = YES;
				GENERATE_INFOPLIST_FILE = YES;
				INFOPLIST_KEY_UIApplicationSceneManifest_Generation = YES;
				INFOPLIST_KEY_UIApplicationSupportsIndirectInputEvents = YES;
				INFOPLIST_KEY_UILaunchScreen_Generation = YES;
				INFOPLIST_KEY_UISupportedInterfaceOrientations_iPad = "UIInterfaceOrientationPortrait UIInterfaceOrientationPortraitUpsideDown UIInterfaceOrientationLandscapeLeft UIInterfaceOrientationLandscapeRight";
				INFOPLIST_KEY_UISupportedInterfaceOrientations_iPhone = "UIInterfaceOrientationPortrait UIInterfaceOrientationLandscapeLeft UIInterfaceOrientationLandscapeRight";
				LD_RUNPATH_SEARCH_PATHS = (
					"$(inherited)",
					"@executable_path/Frameworks",
				);
				MARKETING_VERSION = 1.0;
				PRODUCT_BUNDLE_IDENTIFIER = com.parksangil.Calories;
				PRODUCT_NAME = "$(TARGET_NAME)";
				SWIFT_EMIT_LOC_STRINGS = YES;
				SWIFT_VERSION = 5.0;
				TARGETED_DEVICE_FAMILY = "1,2";
			};
			name = Release;
		};
/* End XCBuildConfiguration section */

/* Begin XCConfigurationList section */
		4ED56251290EB5D3003AD4E3 /* Build configuration list for PBXProject "Calories" */ = {
			isa = XCConfigurationList;
			buildConfigurations = (
				4ED56262290EB5D5003AD4E3 /* Debug */,
				4ED56263290EB5D5003AD4E3 /* Release */,
			);
			defaultConfigurationIsVisible = 0;
			defaultConfigurationName = Release;
		};
		4ED56264290EB5D5003AD4E3 /* Build configuration list for PBXNativeTarget "Calories" */ = {
			isa = XCConfigurationList;
			buildConfigurations = (
				4ED56265290EB5D5003AD4E3 /* Debug */,
				4ED56266290EB5D5003AD4E3 /* Release */,
			);
			defaultConfigurationIsVisible = 0;
			defaultConfigurationName = Release;
		};
/* End XCConfigurationList section */

/* Begin XCVersionGroup section */
		4ED56268290EB661003AD4E3 /* FoodModel.xcdatamodeld */ = {
			isa = XCVersionGroup;
			children = (
				4ED56269290EB661003AD4E3 /* FoodModel.xcdatamodel */,
			);
			currentVersion = 4ED56269290EB661003AD4E3 /* FoodModel.xcdatamodel */;
			path = FoodModel.xcdatamodeld;
			sourceTree = "<group>";
			versionGroupType = wrapper.xcdatamodel;
		};
/* End XCVersionGroup section */
	};
	rootObject = 4ED5624E290EB5D3003AD4E3 /* Project object */;
}
